// !$*UTF8*$!
{
	archiveVersion = 1;
	classes = {
	};
	objectVersion = 48;
	objects = {

/* Begin PBXBuildFile section */
		590BC4281F9BA9230096D651 /* FSRequest.m in Sources */ = {isa = PBXBuildFile; fileRef = 590BC4271F9BA9230096D651 /* FSRequest.m */; };
		590BC42B1F9BA9360096D651 /* FSResponse.m in Sources */ = {isa = PBXBuildFile; fileRef = 590BC42A1F9BA9360096D651 /* FSResponse.m */; };
		5949A2191F9B3D1300AFA575 /* AppDelegate.m in Sources */ = {isa = PBXBuildFile; fileRef = 5949A2181F9B3D1300AFA575 /* AppDelegate.m */; };
		5949A2211F9B3D1300AFA575 /* Assets.xcassets in Resources */ = {isa = PBXBuildFile; fileRef = 5949A2201F9B3D1300AFA575 /* Assets.xcassets */; };
		5949A2241F9B3D1300AFA575 /* LaunchScreen.storyboard in Resources */ = {isa = PBXBuildFile; fileRef = 5949A2221F9B3D1300AFA575 /* LaunchScreen.storyboard */; };
		5949A2271F9B3D1300AFA575 /* main.m in Sources */ = {isa = PBXBuildFile; fileRef = 5949A2261F9B3D1300AFA575 /* main.m */; };
		5949A2311F9B3D1300AFA575 /* WeatherTests.m in Sources */ = {isa = PBXBuildFile; fileRef = 5949A2301F9B3D1300AFA575 /* WeatherTests.m */; };
		5949A23C1F9B3D1300AFA575 /* WeatherUITests.m in Sources */ = {isa = PBXBuildFile; fileRef = 5949A23B1F9B3D1300AFA575 /* WeatherUITests.m */; };
		596AF3DC1F9BA53D001A0464 /* FSWeatherController.m in Sources */ = {isa = PBXBuildFile; fileRef = 596AF3DB1F9BA53D001A0464 /* FSWeatherController.m */; };
		596AF3DF1F9BA5BD001A0464 /* FSWeatherInfo.m in Sources */ = {isa = PBXBuildFile; fileRef = 596AF3DE1F9BA5BD001A0464 /* FSWeatherInfo.m */; };
		598321801F9B968300F4769D /* CoreLocation.framework in Frameworks */ = {isa = PBXBuildFile; fileRef = 5983217F1F9B968300F4769D /* CoreLocation.framework */; };
		598321851F9B9C7000F4769D /* FSMainViewController.m in Sources */ = {isa = PBXBuildFile; fileRef = 598321831F9B9C7000F4769D /* FSMainViewController.m */; };
		598321861F9B9C7000F4769D /* FSMainViewController.xib in Resources */ = {isa = PBXBuildFile; fileRef = 598321841F9B9C7000F4769D /* FSMainViewController.xib */; };
/* End PBXBuildFile section */

/* Begin PBXContainerItemProxy section */
		5949A22D1F9B3D1300AFA575 /* PBXContainerItemProxy */ = {
			isa = PBXContainerItemProxy;
			containerPortal = 5949A20C1F9B3D1300AFA575 /* Project object */;
			proxyType = 1;
			remoteGlobalIDString = 5949A2131F9B3D1300AFA575;
			remoteInfo = Weather;
		};
		5949A2381F9B3D1300AFA575 /* PBXContainerItemProxy */ = {
			isa = PBXContainerItemProxy;
			containerPortal = 5949A20C1F9B3D1300AFA575 /* Project object */;
			proxyType = 1;
			remoteGlobalIDString = 5949A2131F9B3D1300AFA575;
			remoteInfo = Weather;
		};
/* End PBXContainerItemProxy section */

/* Begin PBXFileReference section */
		590BC4261F9BA9230096D651 /* FSRequest.h */ = {isa = PBXFileReference; lastKnownFileType = sourcecode.c.h; path = FSRequest.h; sourceTree = "<group>"; };
		590BC4271F9BA9230096D651 /* FSRequest.m */ = {isa = PBXFileReference; lastKnownFileType = sourcecode.c.objc; path = FSRequest.m; sourceTree = "<group>"; };
		590BC4291F9BA9360096D651 /* FSResponse.h */ = {isa = PBXFileReference; lastKnownFileType = sourcecode.c.h; path = FSResponse.h; sourceTree = "<group>"; };
		590BC42A1F9BA9360096D651 /* FSResponse.m */ = {isa = PBXFileReference; lastKnownFileType = sourcecode.c.objc; path = FSResponse.m; sourceTree = "<group>"; };
		5949A2141F9B3D1300AFA575 /* Weather.app */ = {isa = PBXFileReference; explicitFileType = wrapper.application; includeInIndex = 0; path = Weather.app; sourceTree = BUILT_PRODUCTS_DIR; };
		5949A2171F9B3D1300AFA575 /* AppDelegate.h */ = {isa = PBXFileReference; lastKnownFileType = sourcecode.c.h; path = AppDelegate.h; sourceTree = "<group>"; };
		5949A2181F9B3D1300AFA575 /* AppDelegate.m */ = {isa = PBXFileReference; lastKnownFileType = sourcecode.c.objc; path = AppDelegate.m; sourceTree = "<group>"; };
		5949A2201F9B3D1300AFA575 /* Assets.xcassets */ = {isa = PBXFileReference; lastKnownFileType = folder.assetcatalog; path = Assets.xcassets; sourceTree = "<group>"; };
		5949A2231F9B3D1300AFA575 /* Base */ = {isa = PBXFileReference; lastKnownFileType = file.storyboard; name = Base; path = Base.lproj/LaunchScreen.storyboard; sourceTree = "<group>"; };
		5949A2251F9B3D1300AFA575 /* Info.plist */ = {isa = PBXFileReference; lastKnownFileType = text.plist.xml; path = Info.plist; sourceTree = "<group>"; };
		5949A2261F9B3D1300AFA575 /* main.m */ = {isa = PBXFileReference; lastKnownFileType = sourcecode.c.objc; path = main.m; sourceTree = "<group>"; };
		5949A22C1F9B3D1300AFA575 /* WeatherTests.xctest */ = {isa = PBXFileReference; explicitFileType = wrapper.cfbundle; includeInIndex = 0; path = WeatherTests.xctest; sourceTree = BUILT_PRODUCTS_DIR; };
		5949A2301F9B3D1300AFA575 /* WeatherTests.m */ = {isa = PBXFileReference; lastKnownFileType = sourcecode.c.objc; path = WeatherTests.m; sourceTree = "<group>"; };
		5949A2321F9B3D1300AFA575 /* Info.plist */ = {isa = PBXFileReference; lastKnownFileType = text.plist.xml; path = Info.plist; sourceTree = "<group>"; };
		5949A2371F9B3D1300AFA575 /* WeatherUITests.xctest */ = {isa = PBXFileReference; explicitFileType = wrapper.cfbundle; includeInIndex = 0; path = WeatherUITests.xctest; sourceTree = BUILT_PRODUCTS_DIR; };
		5949A23B1F9B3D1300AFA575 /* WeatherUITests.m */ = {isa = PBXFileReference; lastKnownFileType = sourcecode.c.objc; path = WeatherUITests.m; sourceTree = "<group>"; };
		5949A23D1F9B3D1300AFA575 /* Info.plist */ = {isa = PBXFileReference; lastKnownFileType = text.plist.xml; path = Info.plist; sourceTree = "<group>"; };
		596AF3DA1F9BA53D001A0464 /* FSWeatherController.h */ = {isa = PBXFileReference; lastKnownFileType = sourcecode.c.h; path = FSWeatherController.h; sourceTree = "<group>"; };
		596AF3DB1F9BA53D001A0464 /* FSWeatherController.m */ = {isa = PBXFileReference; lastKnownFileType = sourcecode.c.objc; path = FSWeatherController.m; sourceTree = "<group>"; };
		596AF3DD1F9BA5BD001A0464 /* FSWeatherInfo.h */ = {isa = PBXFileReference; lastKnownFileType = sourcecode.c.h; path = FSWeatherInfo.h; sourceTree = "<group>"; };
		596AF3DE1F9BA5BD001A0464 /* FSWeatherInfo.m */ = {isa = PBXFileReference; lastKnownFileType = sourcecode.c.objc; path = FSWeatherInfo.m; sourceTree = "<group>"; };
		5983217F1F9B968300F4769D /* CoreLocation.framework */ = {isa = PBXFileReference; lastKnownFileType = wrapper.framework; name = CoreLocation.framework; path = System/Library/Frameworks/CoreLocation.framework; sourceTree = SDKROOT; };
		598321821F9B9C7000F4769D /* FSMainViewController.h */ = {isa = PBXFileReference; lastKnownFileType = sourcecode.c.h; path = FSMainViewController.h; sourceTree = "<group>"; };
		598321831F9B9C7000F4769D /* FSMainViewController.m */ = {isa = PBXFileReference; lastKnownFileType = sourcecode.c.objc; path = FSMainViewController.m; sourceTree = "<group>"; };
		598321841F9B9C7000F4769D /* FSMainViewController.xib */ = {isa = PBXFileReference; lastKnownFileType = file.xib; path = FSMainViewController.xib; sourceTree = "<group>"; };
/* End PBXFileReference section */

/* Begin PBXFrameworksBuildPhase section */
		5949A2111F9B3D1300AFA575 /* Frameworks */ = {
			isa = PBXFrameworksBuildPhase;
			buildActionMask = 2147483647;
			files = (
				598321801F9B968300F4769D /* CoreLocation.framework in Frameworks */,
			);
			runOnlyForDeploymentPostprocessing = 0;
		};
		5949A2291F9B3D1300AFA575 /* Frameworks */ = {
			isa = PBXFrameworksBuildPhase;
			buildActionMask = 2147483647;
			files = (
			);
			runOnlyForDeploymentPostprocessing = 0;
		};
		5949A2341F9B3D1300AFA575 /* Frameworks */ = {
			isa = PBXFrameworksBuildPhase;
			buildActionMask = 2147483647;
			files = (
			);
			runOnlyForDeploymentPostprocessing = 0;
		};
/* End PBXFrameworksBuildPhase section */

/* Begin PBXGroup section */
		5949A20B1F9B3D1300AFA575 = {
			isa = PBXGroup;
			children = (
				5949A2161F9B3D1300AFA575 /* Weather */,
				5949A22F1F9B3D1300AFA575 /* WeatherTests */,
				5949A23A1F9B3D1300AFA575 /* WeatherUITests */,
				5949A2151F9B3D1300AFA575 /* Products */,
				5983217E1F9B968300F4769D /* Frameworks */,
			);
			sourceTree = "<group>";
		};
		5949A2151F9B3D1300AFA575 /* Products */ = {
			isa = PBXGroup;
			children = (
				5949A2141F9B3D1300AFA575 /* Weather.app */,
				5949A22C1F9B3D1300AFA575 /* WeatherTests.xctest */,
				5949A2371F9B3D1300AFA575 /* WeatherUITests.xctest */,
			);
			name = Products;
			sourceTree = "<group>";
		};
		5949A2161F9B3D1300AFA575 /* Weather */ = {
			isa = PBXGroup;
			children = (
				598321811F9B9C4A00F4769D /* ViewControllers */,
				5949A2171F9B3D1300AFA575 /* AppDelegate.h */,
				5949A2181F9B3D1300AFA575 /* AppDelegate.m */,
				5949A2201F9B3D1300AFA575 /* Assets.xcassets */,
				5949A2221F9B3D1300AFA575 /* LaunchScreen.storyboard */,
				5949A2251F9B3D1300AFA575 /* Info.plist */,
				5949A2261F9B3D1300AFA575 /* main.m */,
			);
			path = Weather;
			sourceTree = "<group>";
		};
		5949A22F1F9B3D1300AFA575 /* WeatherTests */ = {
			isa = PBXGroup;
			children = (
				5949A2301F9B3D1300AFA575 /* WeatherTests.m */,
				5949A2321F9B3D1300AFA575 /* Info.plist */,
			);
			path = WeatherTests;
			sourceTree = "<group>";
		};
		5949A23A1F9B3D1300AFA575 /* WeatherUITests */ = {
			isa = PBXGroup;
			children = (
				5949A23B1F9B3D1300AFA575 /* WeatherUITests.m */,
				5949A23D1F9B3D1300AFA575 /* Info.plist */,
			);
			path = WeatherUITests;
			sourceTree = "<group>";
		};
		596AF3D61F9BA2E1001A0464 /* API */ = {
			isa = PBXGroup;
			children = (
				596AF3DA1F9BA53D001A0464 /* FSWeatherController.h */,
				596AF3DB1F9BA53D001A0464 /* FSWeatherController.m */,
				596AF3DD1F9BA5BD001A0464 /* FSWeatherInfo.h */,
				596AF3DE1F9BA5BD001A0464 /* FSWeatherInfo.m */,
				590BC4261F9BA9230096D651 /* FSRequest.h */,
				590BC4271F9BA9230096D651 /* FSRequest.m */,
				590BC4291F9BA9360096D651 /* FSResponse.h */,
				590BC42A1F9BA9360096D651 /* FSResponse.m */,
			);
			name = API;
			path = Weather/API;
			sourceTree = SOURCE_ROOT;
		};
		5983217E1F9B968300F4769D /* Frameworks */ = {
			isa = PBXGroup;
			children = (
				5983217F1F9B968300F4769D /* CoreLocation.framework */,
			);
			name = Frameworks;
			sourceTree = "<group>";
		};
		598321811F9B9C4A00F4769D /* ViewControllers */ = {
			isa = PBXGroup;
			children = (
				596AF3D61F9BA2E1001A0464 /* API */,
				598321821F9B9C7000F4769D /* FSMainViewController.h */,
				598321831F9B9C7000F4769D /* FSMainViewController.m */,
				598321841F9B9C7000F4769D /* FSMainViewController.xib */,
			);
			path = ViewControllers;
			sourceTree = "<group>";
		};
/* End PBXGroup section */

/* Begin PBXNativeTarget section */
		5949A2131F9B3D1300AFA575 /* Weather */ = {
			isa = PBXNativeTarget;
			buildConfigurationList = 5949A2401F9B3D1300AFA575 /* Build configuration list for PBXNativeTarget "Weather" */;
			buildPhases = (
				5949A2101F9B3D1300AFA575 /* Sources */,
				5949A2111F9B3D1300AFA575 /* Frameworks */,
				5949A2121F9B3D1300AFA575 /* Resources */,
			);
			buildRules = (
			);
			dependencies = (
			);
			name = Weather;
			productName = Weather;
			productReference = 5949A2141F9B3D1300AFA575 /* Weather.app */;
			productType = "com.apple.product-type.application";
		};
		5949A22B1F9B3D1300AFA575 /* WeatherTests */ = {
			isa = PBXNativeTarget;
			buildConfigurationList = 5949A2431F9B3D1300AFA575 /* Build configuration list for PBXNativeTarget "WeatherTests" */;
			buildPhases = (
				5949A2281F9B3D1300AFA575 /* Sources */,
				5949A2291F9B3D1300AFA575 /* Frameworks */,
				5949A22A1F9B3D1300AFA575 /* Resources */,
			);
			buildRules = (
			);
			dependencies = (
				5949A22E1F9B3D1300AFA575 /* PBXTargetDependency */,
			);
			name = WeatherTests;
			productName = WeatherTests;
			productReference = 5949A22C1F9B3D1300AFA575 /* WeatherTests.xctest */;
			productType = "com.apple.product-type.bundle.unit-test";
		};
		5949A2361F9B3D1300AFA575 /* WeatherUITests */ = {
			isa = PBXNativeTarget;
			buildConfigurationList = 5949A2461F9B3D1300AFA575 /* Build configuration list for PBXNativeTarget "WeatherUITests" */;
			buildPhases = (
				5949A2331F9B3D1300AFA575 /* Sources */,
				5949A2341F9B3D1300AFA575 /* Frameworks */,
				5949A2351F9B3D1300AFA575 /* Resources */,
			);
			buildRules = (
			);
			dependencies = (
				5949A2391F9B3D1300AFA575 /* PBXTargetDependency */,
			);
			name = WeatherUITests;
			productName = WeatherUITests;
			productReference = 5949A2371F9B3D1300AFA575 /* WeatherUITests.xctest */;
			productType = "com.apple.product-type.bundle.ui-testing";
		};
/* End PBXNativeTarget section */

/* Begin PBXProject section */
		5949A20C1F9B3D1300AFA575 /* Project object */ = {
			isa = PBXProject;
			attributes = {
				LastUpgradeCheck = 0900;
				ORGANIZATIONNAME = "Nathan Furman";
				TargetAttributes = {
					5949A2131F9B3D1300AFA575 = {
						CreatedOnToolsVersion = 9.0;
						ProvisioningStyle = Automatic;
					};
					5949A22B1F9B3D1300AFA575 = {
						CreatedOnToolsVersion = 9.0;
						ProvisioningStyle = Automatic;
						TestTargetID = 5949A2131F9B3D1300AFA575;
					};
					5949A2361F9B3D1300AFA575 = {
						CreatedOnToolsVersion = 9.0;
						ProvisioningStyle = Automatic;
						TestTargetID = 5949A2131F9B3D1300AFA575;
					};
				};
			};
			buildConfigurationList = 5949A20F1F9B3D1300AFA575 /* Build configuration list for PBXProject "Weather" */;
			compatibilityVersion = "Xcode 8.0";
			developmentRegion = en;
			hasScannedForEncodings = 0;
			knownRegions = (
				en,
				Base,
			);
			mainGroup = 5949A20B1F9B3D1300AFA575;
			productRefGroup = 5949A2151F9B3D1300AFA575 /* Products */;
			projectDirPath = "";
			projectRoot = "";
			targets = (
				5949A2131F9B3D1300AFA575 /* Weather */,
				5949A22B1F9B3D1300AFA575 /* WeatherTests */,
				5949A2361F9B3D1300AFA575 /* WeatherUITests */,
			);
		};
/* End PBXProject section */

/* Begin PBXResourcesBuildPhase section */
		5949A2121F9B3D1300AFA575 /* Resources */ = {
			isa = PBXResourcesBuildPhase;
			buildActionMask = 2147483647;
			files = (
				598321861F9B9C7000F4769D /* FSMainViewController.xib in Resources */,
				5949A2241F9B3D1300AFA575 /* LaunchScreen.storyboard in Resources */,
				5949A2211F9B3D1300AFA575 /* Assets.xcassets in Resources */,
			);
			runOnlyForDeploymentPostprocessing = 0;
		};
		5949A22A1F9B3D1300AFA575 /* Resources */ = {
			isa = PBXResourcesBuildPhase;
			buildActionMask = 2147483647;
			files = (
			);
			runOnlyForDeploymentPostprocessing = 0;
		};
		5949A2351F9B3D1300AFA575 /* Resources */ = {
			isa = PBXResourcesBuildPhase;
			buildActionMask = 2147483647;
			files = (
			);
			runOnlyForDeploymentPostprocessing = 0;
		};
/* End PBXResourcesBuildPhase section */

/* Begin PBXSourcesBuildPhase section */
		5949A2101F9B3D1300AFA575 /* Sources */ = {
			isa = PBXSourcesBuildPhase;
			buildActionMask = 2147483647;
			files = (
				5949A2271F9B3D1300AFA575 /* main.m in Sources */,
				596AF3DC1F9BA53D001A0464 /* FSWeatherController.m in Sources */,
				596AF3DF1F9BA5BD001A0464 /* FSWeatherInfo.m in Sources */,
				590BC42B1F9BA9360096D651 /* FSResponse.m in Sources */,
				598321851F9B9C7000F4769D /* FSMainViewController.m in Sources */,
				590BC4281F9BA9230096D651 /* FSRequest.m in Sources */,
				5949A2191F9B3D1300AFA575 /* AppDelegate.m in Sources */,
			);
			runOnlyForDeploymentPostprocessing = 0;
		};
		5949A2281F9B3D1300AFA575 /* Sources */ = {
			isa = PBXSourcesBuildPhase;
			buildActionMask = 2147483647;
			files = (
				5949A2311F9B3D1300AFA575 /* WeatherTests.m in Sources */,
			);
			runOnlyForDeploymentPostprocessing = 0;
		};
		5949A2331F9B3D1300AFA575 /* Sources */ = {
			isa = PBXSourcesBuildPhase;
			buildActionMask = 2147483647;
			files = (
				5949A23C1F9B3D1300AFA575 /* WeatherUITests.m in Sources */,
			);
			runOnlyForDeploymentPostprocessing = 0;
		};
/* End PBXSourcesBuildPhase section */

/* Begin PBXTargetDependency section */
		5949A22E1F9B3D1300AFA575 /* PBXTargetDependency */ = {
			isa = PBXTargetDependency;
			target = 5949A2131F9B3D1300AFA575 /* Weather */;
			targetProxy = 5949A22D1F9B3D1300AFA575 /* PBXContainerItemProxy */;
		};
		5949A2391F9B3D1300AFA575 /* PBXTargetDependency */ = {
			isa = PBXTargetDependency;
			target = 5949A2131F9B3D1300AFA575 /* Weather */;
			targetProxy = 5949A2381F9B3D1300AFA575 /* PBXContainerItemProxy */;
		};
/* End PBXTargetDependency section */

/* Begin PBXVariantGroup section */
		5949A2221F9B3D1300AFA575 /* LaunchScreen.storyboard */ = {
			isa = PBXVariantGroup;
			children = (
				5949A2231F9B3D1300AFA575 /* Base */,
			);
			name = LaunchScreen.storyboard;
			sourceTree = "<group>";
		};
/* End PBXVariantGroup section */

/* Begin XCBuildConfiguration section */
		5949A23E1F9B3D1300AFA575 /* Debug */ = {
			isa = XCBuildConfiguration;
			buildSettings = {
				ALWAYS_SEARCH_USER_PATHS = NO;
				CLANG_ANALYZER_NONNULL = YES;
				CLANG_ANALYZER_NUMBER_OBJECT_CONVERSION = YES_AGGRESSIVE;
				CLANG_CXX_LANGUAGE_STANDARD = "gnu++14";
				CLANG_CXX_LIBRARY = "libc++";
				CLANG_ENABLE_MODULES = YES;
				CLANG_ENABLE_OBJC_ARC = YES;
				CLANG_WARN_BLOCK_CAPTURE_AUTORELEASING = YES;
				CLANG_WARN_BOOL_CONVERSION = YES;
				CLANG_WARN_COMMA = YES;
				CLANG_WARN_CONSTANT_CONVERSION = YES;
				CLANG_WARN_DIRECT_OBJC_ISA_USAGE = YES_ERROR;
				CLANG_WARN_DOCUMENTATION_COMMENTS = YES;
				CLANG_WARN_EMPTY_BODY = YES;
				CLANG_WARN_ENUM_CONVERSION = YES;
				CLANG_WARN_INFINITE_RECURSION = YES;
				CLANG_WARN_INT_CONVERSION = YES;
				CLANG_WARN_NON_LITERAL_NULL_CONVERSION = YES;
				CLANG_WARN_OBJC_LITERAL_CONVERSION = YES;
				CLANG_WARN_OBJC_ROOT_CLASS = YES_ERROR;
				CLANG_WARN_RANGE_LOOP_ANALYSIS = YES;
				CLANG_WARN_STRICT_PROTOTYPES = YES;
				CLANG_WARN_SUSPICIOUS_MOVE = YES;
				CLANG_WARN_UNGUARDED_AVAILABILITY = YES_AGGRESSIVE;
				CLANG_WARN_UNREACHABLE_CODE = YES;
				CLANG_WARN__DUPLICATE_METHOD_MATCH = YES;
				CODE_SIGN_IDENTITY = "iPhone Developer";
				COPY_PHASE_STRIP = NO;
				DEBUG_INFORMATION_FORMAT = dwarf;
				ENABLE_STRICT_OBJC_MSGSEND = YES;
				ENABLE_TESTABILITY = YES;
				GCC_C_LANGUAGE_STANDARD = gnu11;
				GCC_DYNAMIC_NO_PIC = NO;
				GCC_NO_COMMON_BLOCKS = YES;
				GCC_OPTIMIZATION_LEVEL = 0;
				GCC_PREPROCESSOR_DEFINITIONS = (
					"DEBUG=1",
					"$(inherited)",
				);
				GCC_WARN_64_TO_32_BIT_CONVERSION = YES;
				GCC_WARN_ABOUT_RETURN_TYPE = YES_ERROR;
				GCC_WARN_UNDECLARED_SELECTOR = YES;
				GCC_WARN_UNINITIALIZED_AUTOS = YES_AGGRESSIVE;
				GCC_WARN_UNUSED_FUNCTION = YES;
				GCC_WARN_UNUSED_VARIABLE = YES;
				IPHONEOS_DEPLOYMENT_TARGET = 11.0;
				MTL_ENABLE_DEBUG_INFO = YES;
				ONLY_ACTIVE_ARCH = YES;
				SDKROOT = iphoneos;
			};
			name = Debug;
		};
		5949A23F1F9B3D1300AFA575 /* Release */ = {
			isa = XCBuildConfiguration;
			buildSettings = {
				ALWAYS_SEARCH_USER_PATHS = NO;
				CLANG_ANALYZER_NONNULL = YES;
				CLANG_ANALYZER_NUMBER_OBJECT_CONVERSION = YES_AGGRESSIVE;
				CLANG_CXX_LANGUAGE_STANDARD = "gnu++14";
				CLANG_CXX_LIBRARY = "libc++";
				CLANG_ENABLE_MODULES = YES;
				CLANG_ENABLE_OBJC_ARC = YES;
				CLANG_WARN_BLOCK_CAPTURE_AUTORELEASING = YES;
				CLANG_WARN_BOOL_CONVERSION = YES;
				CLANG_WARN_COMMA = YES;
				CLANG_WARN_CONSTANT_CONVERSION = YES;
				CLANG_WARN_DIRECT_OBJC_ISA_USAGE = YES_ERROR;
				CLANG_WARN_DOCUMENTATION_COMMENTS = YES;
				CLANG_WARN_EMPTY_BODY = YES;
				CLANG_WARN_ENUM_CONVERSION = YES;
				CLANG_WARN_INFINITE_RECURSION = YES;
				CLANG_WARN_INT_CONVERSION = YES;
				CLANG_WARN_NON_LITERAL_NULL_CONVERSION = YES;
				CLANG_WARN_OBJC_LITERAL_CONVERSION = YES;
				CLANG_WARN_OBJC_ROOT_CLASS = YES_ERROR;
				CLANG_WARN_RANGE_LOOP_ANALYSIS = YES;
				CLANG_WARN_STRICT_PROTOTYPES = YES;
				CLANG_WARN_SUSPICIOUS_MOVE = YES;
				CLANG_WARN_UNGUARDED_AVAILABILITY = YES_AGGRESSIVE;
				CLANG_WARN_UNREACHABLE_CODE = YES;
				CLANG_WARN__DUPLICATE_METHOD_MATCH = YES;
				CODE_SIGN_IDENTITY = "iPhone Developer";
				COPY_PHASE_STRIP = NO;
				DEBUG_INFORMATION_FORMAT = "dwarf-with-dsym";
				ENABLE_NS_ASSERTIONS = NO;
				ENABLE_STRICT_OBJC_MSGSEND = YES;
				GCC_C_LANGUAGE_STANDARD = gnu11;
				GCC_NO_COMMON_BLOCKS = YES;
				GCC_WARN_64_TO_32_BIT_CONVERSION = YES;
				GCC_WARN_ABOUT_RETURN_TYPE = YES_ERROR;
				GCC_WARN_UNDECLARED_SELECTOR = YES;
				GCC_WARN_UNINITIALIZED_AUTOS = YES_AGGRESSIVE;
				GCC_WARN_UNUSED_FUNCTION = YES;
				GCC_WARN_UNUSED_VARIABLE = YES;
				IPHONEOS_DEPLOYMENT_TARGET = 11.0;
				MTL_ENABLE_DEBUG_INFO = NO;
				SDKROOT = iphoneos;
				VALIDATE_PRODUCT = YES;
			};
			name = Release;
		};
		5949A2411F9B3D1300AFA575 /* Debug */ = {
			isa = XCBuildConfiguration;
			buildSettings = {
				ASSETCATALOG_COMPILER_APPICON_NAME = AppIcon;
				CODE_SIGN_STYLE = Automatic;
				DEVELOPMENT_TEAM = 6S9UU955BU;
				INFOPLIST_FILE = Weather/Info.plist;
				LD_RUNPATH_SEARCH_PATHS = "$(inherited) @executable_path/Frameworks";
				PRODUCT_BUNDLE_IDENTIFIER = FS.Weather;
				PRODUCT_NAME = "$(TARGET_NAME)";
				TARGETED_DEVICE_FAMILY = "1,2";
			};
			name = Debug;
		};
		5949A2421F9B3D1300AFA575 /* Release */ = {
			isa = XCBuildConfiguration;
			buildSettings = {
				ASSETCATALOG_COMPILER_APPICON_NAME = AppIcon;
				CODE_SIGN_STYLE = Automatic;
				DEVELOPMENT_TEAM = 6S9UU955BU;
				INFOPLIST_FILE = Weather/Info.plist;
				LD_RUNPATH_SEARCH_PATHS = "$(inherited) @executable_path/Frameworks";
				PRODUCT_BUNDLE_IDENTIFIER = FS.Weather;
				PRODUCT_NAME = "$(TARGET_NAME)";
				TARGETED_DEVICE_FAMILY = "1,2";
			};
			name = Release;
		};
		5949A2441F9B3D1300AFA575 /* Debug */ = {
			isa = XCBuildConfiguration;
			buildSettings = {
				BUNDLE_LOADER = "$(TEST_HOST)";
				CODE_SIGN_STYLE = Automatic;
				INFOPLIST_FILE = WeatherTests/Info.plist;
				LD_RUNPATH_SEARCH_PATHS = "$(inherited) @executable_path/Frameworks @loader_path/Frameworks";
				PRODUCT_BUNDLE_IDENTIFIER = FS.WeatherTests;
				PRODUCT_NAME = "$(TARGET_NAME)";
				TARGETED_DEVICE_FAMILY = "1,2";
				TEST_HOST = "$(BUILT_PRODUCTS_DIR)/Weather.app/Weather";
			};
			name = Debug;
		};
		5949A2451F9B3D1300AFA575 /* Release */ = {
			isa = XCBuildConfiguration;
			buildSettings = {
				BUNDLE_LOADER = "$(TEST_HOST)";
				CODE_SIGN_STYLE = Automatic;
				INFOPLIST_FILE = WeatherTests/Info.plist;
				LD_RUNPATH_SEARCH_PATHS = "$(inherited) @executable_path/Frameworks @loader_path/Frameworks";
				PRODUCT_BUNDLE_IDENTIFIER = FS.WeatherTests;
				PRODUCT_NAME = "$(TARGET_NAME)";
				TARGETED_DEVICE_FAMILY = "1,2";
				TEST_HOST = "$(BUILT_PRODUCTS_DIR)/Weather.app/Weather";
			};
			name = Release;
		};
		5949A2471F9B3D1300AFA575 /* Debug */ = {
			isa = XCBuildConfiguration;
			buildSettings = {
				CODE_SIGN_STYLE = Automatic;
				INFOPLIST_FILE = WeatherUITests/Info.plist;
				LD_RUNPATH_SEARCH_PATHS = "$(inherited) @executable_path/Frameworks @loader_path/Frameworks";
				PRODUCT_BUNDLE_IDENTIFIER = FS.WeatherUITests;
				PRODUCT_NAME = "$(TARGET_NAME)";
				TARGETED_DEVICE_FAMILY = "1,2";
				TEST_TARGET_NAME = Weather;
			};
			name = Debug;
		};
		5949A2481F9B3D1300AFA575 /* Release */ = {
			isa = XCBuildConfiguration;
			buildSettings = {
				CODE_SIGN_STYLE = Automatic;
				INFOPLIST_FILE = WeatherUITests/Info.plist;
				LD_RUNPATH_SEARCH_PATHS = "$(inherited) @executable_path/Frameworks @loader_path/Frameworks";
				PRODUCT_BUNDLE_IDENTIFIER = FS.WeatherUITests;
				PRODUCT_NAME = "$(TARGET_NAME)";
				TARGETED_DEVICE_FAMILY = "1,2";
				TEST_TARGET_NAME = Weather;
			};
			name = Release;
		};
/* End XCBuildConfiguration section */

/* Begin XCConfigurationList section */
		5949A20F1F9B3D1300AFA575 /* Build configuration list for PBXProject "Weather" */ = {
			isa = XCConfigurationList;
			buildConfigurations = (
				5949A23E1F9B3D1300AFA575 /* Debug */,
				5949A23F1F9B3D1300AFA575 /* Release */,
			);
			defaultConfigurationIsVisible = 0;
			defaultConfigurationName = Release;
		};
		5949A2401F9B3D1300AFA575 /* Build configuration list for PBXNativeTarget "Weather" */ = {
			isa = XCConfigurationList;
			buildConfigurations = (
				5949A2411F9B3D1300AFA575 /* Debug */,
				5949A2421F9B3D1300AFA575 /* Release */,
			);
			defaultConfigurationIsVisible = 0;
			defaultConfigurationName = Release;
		};
		5949A2431F9B3D1300AFA575 /* Build configuration list for PBXNativeTarget "WeatherTests" */ = {
			isa = XCConfigurationList;
			buildConfigurations = (
				5949A2441F9B3D1300AFA575 /* Debug */,
				5949A2451F9B3D1300AFA575 /* Release */,
			);
			defaultConfigurationIsVisible = 0;
			defaultConfigurationName = Release;
		};
		5949A2461F9B3D1300AFA575 /* Build configuration list for PBXNativeTarget "WeatherUITests" */ = {
			isa = XCConfigurationList;
			buildConfigurations = (
				5949A2471F9B3D1300AFA575 /* Debug */,
				5949A2481F9B3D1300AFA575 /* Release */,
			);
			defaultConfigurationIsVisible = 0;
			defaultConfigurationName = Release;
		};
/* End XCConfigurationList section */
	};
	rootObject = 5949A20C1F9B3D1300AFA575 /* Project object */;
}
